// !$*UTF8*$!
{
	archiveVersion = 1;
	classes = {
	};
	objectVersion = 50;
	objects = {

/* Begin PBXBuildFile section */
		7AA1E0246E21A2AE01CF5E16 /* Pods_TableView_MVVM.framework in Frameworks */ = {isa = PBXBuildFile; fileRef = ACA0F13DFDBE5D9402191A5F /* Pods_TableView_MVVM.framework */; };
		821CAAB320A43AC500F95C84 /* AppDelegate.swift in Sources */ = {isa = PBXBuildFile; fileRef = 821CAAB220A43AC500F95C84 /* AppDelegate.swift */; };
		821CAAB520A43AC500F95C84 /* ListViewController.swift in Sources */ = {isa = PBXBuildFile; fileRef = 821CAAB420A43AC500F95C84 /* ListViewController.swift */; };
		821CAAB820A43AC500F95C84 /* Main.storyboard in Resources */ = {isa = PBXBuildFile; fileRef = 821CAAB620A43AC500F95C84 /* Main.storyboard */; };
		821CAABA20A43AC700F95C84 /* Assets.xcassets in Resources */ = {isa = PBXBuildFile; fileRef = 821CAAB920A43AC700F95C84 /* Assets.xcassets */; };
		821CAABD20A43AC700F95C84 /* LaunchScreen.storyboard in Resources */ = {isa = PBXBuildFile; fileRef = 821CAABB20A43AC700F95C84 /* LaunchScreen.storyboard */; };
		821CAAC520A43CC300F95C84 /* ListView.swift in Sources */ = {isa = PBXBuildFile; fileRef = 821CAAC420A43CC300F95C84 /* ListView.swift */; };
		821CAAC720A43F6A00F95C84 /* ListViewModel.swift in Sources */ = {isa = PBXBuildFile; fileRef = 821CAAC620A43F6A00F95C84 /* ListViewModel.swift */; };
		821CAAC920A4404E00F95C84 /* ListModel.swift in Sources */ = {isa = PBXBuildFile; fileRef = 821CAAC820A4404E00F95C84 /* ListModel.swift */; };
/* End PBXBuildFile section */

/* Begin PBXFileReference section */
		11D5212105D0EF2A71622B28 /* Pods-TableView-MVVM.debug.xcconfig */ = {isa = PBXFileReference; includeInIndex = 1; lastKnownFileType = text.xcconfig; name = "Pods-TableView-MVVM.debug.xcconfig"; path = "Pods/Target Support Files/Pods-TableView-MVVM/Pods-TableView-MVVM.debug.xcconfig"; sourceTree = "<group>"; };
		78F3998C3FE31E92BE85AC3A /* Pods-TableView-MVVM.release.xcconfig */ = {isa = PBXFileReference; includeInIndex = 1; lastKnownFileType = text.xcconfig; name = "Pods-TableView-MVVM.release.xcconfig"; path = "Pods/Target Support Files/Pods-TableView-MVVM/Pods-TableView-MVVM.release.xcconfig"; sourceTree = "<group>"; };
		821CAAAF20A43AC500F95C84 /* TableView-MVVM.app */ = {isa = PBXFileReference; explicitFileType = wrapper.application; includeInIndex = 0; path = "TableView-MVVM.app"; sourceTree = BUILT_PRODUCTS_DIR; };
		821CAAB220A43AC500F95C84 /* AppDelegate.swift */ = {isa = PBXFileReference; lastKnownFileType = sourcecode.swift; path = AppDelegate.swift; sourceTree = "<group>"; };
		821CAAB420A43AC500F95C84 /* ListViewController.swift */ = {isa = PBXFileReference; lastKnownFileType = sourcecode.swift; path = ListViewController.swift; sourceTree = "<group>"; };
		821CAAB720A43AC500F95C84 /* Base */ = {isa = PBXFileReference; lastKnownFileType = file.storyboard; name = Base; path = Base.lproj/Main.storyboard; sourceTree = "<group>"; };
		821CAAB920A43AC700F95C84 /* Assets.xcassets */ = {isa = PBXFileReference; lastKnownFileType = folder.assetcatalog; path = Assets.xcassets; sourceTree = "<group>"; };
		821CAABC20A43AC700F95C84 /* Base */ = {isa = PBXFileReference; lastKnownFileType = file.storyboard; name = Base; path = Base.lproj/LaunchScreen.storyboard; sourceTree = "<group>"; };
		821CAABE20A43AC700F95C84 /* Info.plist */ = {isa = PBXFileReference; lastKnownFileType = text.plist.xml; path = Info.plist; sourceTree = "<group>"; };
		821CAAC420A43CC300F95C84 /* ListView.swift */ = {isa = PBXFileReference; lastKnownFileType = sourcecode.swift; path = ListView.swift; sourceTree = "<group>"; };
		821CAAC620A43F6A00F95C84 /* ListViewModel.swift */ = {isa = PBXFileReference; lastKnownFileType = sourcecode.swift; path = ListViewModel.swift; sourceTree = "<group>"; };
		821CAAC820A4404E00F95C84 /* ListModel.swift */ = {isa = PBXFileReference; lastKnownFileType = sourcecode.swift; path = ListModel.swift; sourceTree = "<group>"; };
		ACA0F13DFDBE5D9402191A5F /* Pods_TableView_MVVM.framework */ = {isa = PBXFileReference; explicitFileType = wrapper.framework; includeInIndex = 0; path = Pods_TableView_MVVM.framework; sourceTree = BUILT_PRODUCTS_DIR; };
/* End PBXFileReference section */

/* Begin PBXFrameworksBuildPhase section */
		821CAAAC20A43AC500F95C84 /* Frameworks */ = {
			isa = PBXFrameworksBuildPhase;
			buildActionMask = 2147483647;
			files = (
				7AA1E0246E21A2AE01CF5E16 /* Pods_TableView_MVVM.framework in Frameworks */,
			);
			runOnlyForDeploymentPostprocessing = 0;
		};
/* End PBXFrameworksBuildPhase section */

/* Begin PBXGroup section */
		821CAAA620A43AC500F95C84 = {
			isa = PBXGroup;
			children = (
				821CAAB120A43AC500F95C84 /* TableView-MVVM */,
				821CAAB020A43AC500F95C84 /* Products */,
				FA8291A39602832619A34536 /* Pods */,
				97FC6E8EFA2F7021355821F2 /* Frameworks */,
			);
			sourceTree = "<group>";
		};
		821CAAB020A43AC500F95C84 /* Products */ = {
			isa = PBXGroup;
			children = (
				821CAAAF20A43AC500F95C84 /* TableView-MVVM.app */,
			);
			name = Products;
			sourceTree = "<group>";
		};
		821CAAB120A43AC500F95C84 /* TableView-MVVM */ = {
			isa = PBXGroup;
			children = (
				821CAAB220A43AC500F95C84 /* AppDelegate.swift */,
				821CAAB420A43AC500F95C84 /* ListViewController.swift */,
				821CAAC420A43CC300F95C84 /* ListView.swift */,
				821CAAC620A43F6A00F95C84 /* ListViewModel.swift */,
				821CAAC820A4404E00F95C84 /* ListModel.swift */,
				821CAAB620A43AC500F95C84 /* Main.storyboard */,
				821CAAB920A43AC700F95C84 /* Assets.xcassets */,
				821CAABB20A43AC700F95C84 /* LaunchScreen.storyboard */,
				821CAABE20A43AC700F95C84 /* Info.plist */,
			);
			path = "TableView-MVVM";
			sourceTree = "<group>";
		};
		97FC6E8EFA2F7021355821F2 /* Frameworks */ = {
			isa = PBXGroup;
			children = (
				ACA0F13DFDBE5D9402191A5F /* Pods_TableView_MVVM.framework */,
			);
			name = Frameworks;
			sourceTree = "<group>";
		};
		FA8291A39602832619A34536 /* Pods */ = {
			isa = PBXGroup;
			children = (
				11D5212105D0EF2A71622B28 /* Pods-TableView-MVVM.debug.xcconfig */,
				78F3998C3FE31E92BE85AC3A /* Pods-TableView-MVVM.release.xcconfig */,
			);
			name = Pods;
			sourceTree = "<group>";
		};
/* End PBXGroup section */

/* Begin PBXNativeTarget section */
		821CAAAE20A43AC500F95C84 /* TableView-MVVM */ = {
			isa = PBXNativeTarget;
			buildConfigurationList = 821CAAC120A43AC700F95C84 /* Build configuration list for PBXNativeTarget "TableView-MVVM" */;
			buildPhases = (
				0F184EB9E093E09E0BA8CAC7 /* [CP] Check Pods Manifest.lock */,
				821CAAAB20A43AC500F95C84 /* Sources */,
				821CAAAC20A43AC500F95C84 /* Frameworks */,
				821CAAAD20A43AC500F95C84 /* Resources */,
				18B7D3EB549FDB3C80719FF3 /* [CP] Embed Pods Frameworks */,
			);
			buildRules = (
			);
			dependencies = (
			);
			name = "TableView-MVVM";
			productName = "TableView-MVVM";
			productReference = 821CAAAF20A43AC500F95C84 /* TableView-MVVM.app */;
			productType = "com.apple.product-type.application";
		};
/* End PBXNativeTarget section */

/* Begin PBXProject section */
		821CAAA720A43AC500F95C84 /* Project object */ = {
			isa = PBXProject;
			attributes = {
				LastSwiftUpdateCheck = 0930;
				LastUpgradeCheck = 0930;
				ORGANIZATIONNAME = mhlee;
				TargetAttributes = {
					821CAAAE20A43AC500F95C84 = {
						CreatedOnToolsVersion = 9.3;
					};
				};
			};
			buildConfigurationList = 821CAAAA20A43AC500F95C84 /* Build configuration list for PBXProject "TableView-MVVM" */;
			compatibilityVersion = "Xcode 9.3";
			developmentRegion = en;
			hasScannedForEncodings = 0;
			knownRegions = (
				en,
				Base,
			);
			mainGroup = 821CAAA620A43AC500F95C84;
			productRefGroup = 821CAAB020A43AC500F95C84 /* Products */;
			projectDirPath = "";
			projectRoot = "";
			targets = (
				821CAAAE20A43AC500F95C84 /* TableView-MVVM */,
			);
		};
/* End PBXProject section */

/* Begin PBXResourcesBuildPhase section */
		821CAAAD20A43AC500F95C84 /* Resources */ = {
			isa = PBXResourcesBuildPhase;
			buildActionMask = 2147483647;
			files = (
				821CAABD20A43AC700F95C84 /* LaunchScreen.storyboard in Resources */,
				821CAABA20A43AC700F95C84 /* Assets.xcassets in Resources */,
				821CAAB820A43AC500F95C84 /* Main.storyboard in Resources */,
			);
			runOnlyForDeploymentPostprocessing = 0;
		};
/* End PBXResourcesBuildPhase section */

/* Begin PBXShellScriptBuildPhase section */
		0F184EB9E093E09E0BA8CAC7 /* [CP] Check Pods Manifest.lock */ = {
			isa = PBXShellScriptBuildPhase;
			buildActionMask = 2147483647;
			files = (
			);
			inputPaths = (
				"${PODS_PODFILE_DIR_PATH}/Podfile.lock",
				"${PODS_ROOT}/Manifest.lock",
			);
			name = "[CP] Check Pods Manifest.lock";
			outputPaths = (
				"$(DERIVED_FILE_DIR)/Pods-TableView-MVVM-checkManifestLockResult.txt",
			);
			runOnlyForDeploymentPostprocessing = 0;
			shellPath = /bin/sh;
			shellScript = "diff \"${PODS_PODFILE_DIR_PATH}/Podfile.lock\" \"${PODS_ROOT}/Manifest.lock\" > /dev/null\nif [ $? != 0 ] ; then\n    # print error to STDERR\n    echo \"error: The sandbox is not in sync with the Podfile.lock. Run 'pod install' or update your CocoaPods installation.\" >&2\n    exit 1\nfi\n# This output is used by Xcode 'outputs' to avoid re-running this script phase.\necho \"SUCCESS\" > \"${SCRIPT_OUTPUT_FILE_0}\"\n";
			showEnvVarsInLog = 0;
		};
		18B7D3EB549FDB3C80719FF3 /* [CP] Embed Pods Frameworks */ = {
			isa = PBXShellScriptBuildPhase;
			buildActionMask = 2147483647;
			files = (
			);
			inputPaths = (
				"${SRCROOT}/Pods/Target Support Files/Pods-TableView-MVVM/Pods-TableView-MVVM-frameworks.sh",
				"${BUILT_PRODUCTS_DIR}/RxCocoa/RxCocoa.framework",
				"${BUILT_PRODUCTS_DIR}/RxSwift/RxSwift.framework",
				"${BUILT_PRODUCTS_DIR}/SnapKit/SnapKit.framework",
			);
			name = "[CP] Embed Pods Frameworks";
			outputPaths = (
				"${TARGET_BUILD_DIR}/${FRAMEWORKS_FOLDER_PATH}/RxCocoa.framework",
				"${TARGET_BUILD_DIR}/${FRAMEWORKS_FOLDER_PATH}/RxSwift.framework",
				"${TARGET_BUILD_DIR}/${FRAMEWORKS_FOLDER_PATH}/SnapKit.framework",
			);
			runOnlyForDeploymentPostprocessing = 0;
			shellPath = /bin/sh;
			shellScript = "\"${SRCROOT}/Pods/Target Support Files/Pods-TableView-MVVM/Pods-TableView-MVVM-frameworks.sh\"\n";
			showEnvVarsInLog = 0;
		};
/* End PBXShellScriptBuildPhase section */

/* Begin PBXSourcesBuildPhase section */
		821CAAAB20A43AC500F95C84 /* Sources */ = {
			isa = PBXSourcesBuildPhase;
			buildActionMask = 2147483647;
			files = (
				821CAAB520A43AC500F95C84 /* ListViewController.swift in Sources */,
				821CAAC520A43CC300F95C84 /* ListView.swift in Sources */,
				821CAAB320A43AC500F95C84 /* AppDelegate.swift in Sources */,
				821CAAC920A4404E00F95C84 /* ListModel.swift in Sources */,
				821CAAC720A43F6A00F95C84 /* ListViewModel.swift in Sources */,
			);
			runOnlyForDeploymentPostprocessing = 0;
		};
/* End PBXSourcesBuildPhase section */

/* Begin PBXVariantGroup section */
		821CAAB620A43AC500F95C84 /* Main.storyboard */ = {
			isa = PBXVariantGroup;
			children = (
				821CAAB720A43AC500F95C84 /* Base */,
			);
			name = Main.storyboard;
			sourceTree = "<group>";
		};
		821CAABB20A43AC700F95C84 /* LaunchScreen.storyboard */ = {
			isa = PBXVariantGroup;
			children = (
				821CAABC20A43AC700F95C84 /* Base */,
			);
			name = LaunchScreen.storyboard;
			sourceTree = "<group>";
		};
/* End PBXVariantGroup section */

/* Begin XCBuildConfiguration section */
		821CAABF20A43AC700F95C84 /* Debug */ = {
			isa = XCBuildConfiguration;
			buildSettings = {
				ALWAYS_SEARCH_USER_PATHS = NO;
				CLANG_ANALYZER_NONNULL = YES;
				CLANG_ANALYZER_NUMBER_OBJECT_CONVERSION = YES_AGGRESSIVE;
				CLANG_CXX_LANGUAGE_STANDARD = "gnu++14";
				CLANG_CXX_LIBRARY = "libc++";
				CLANG_ENABLE_MODULES = YES;
				CLANG_ENABLE_OBJC_ARC = YES;
				CLANG_ENABLE_OBJC_WEAK = YES;
				CLANG_WARN_BLOCK_CAPTURE_AUTORELEASING = YES;
				CLANG_WARN_BOOL_CONVERSION = YES;
				CLANG_WARN_COMMA = YES;
				CLANG_WARN_CONSTANT_CONVERSION = YES;
				CLANG_WARN_DEPRECATED_OBJC_IMPLEMENTATIONS = YES;
				CLANG_WARN_DIRECT_OBJC_ISA_USAGE = YES_ERROR;
				CLANG_WARN_DOCUMENTATION_COMMENTS = YES;
				CLANG_WARN_EMPTY_BODY = YES;
				CLANG_WARN_ENUM_CONVERSION = YES;
				CLANG_WARN_INFINITE_RECURSION = YES;
				CLANG_WARN_INT_CONVERSION = YES;
				CLANG_WARN_NON_LITERAL_NULL_CONVERSION = YES;
				CLANG_WARN_OBJC_IMPLICIT_RETAIN_SELF = YES;
				CLANG_WARN_OBJC_LITERAL_CONVERSION = YES;
				CLANG_WARN_OBJC_ROOT_CLASS = YES_ERROR;
				CLANG_WARN_RANGE_LOOP_ANALYSIS = YES;
				CLANG_WARN_STRICT_PROTOTYPES = YES;
				CLANG_WARN_SUSPICIOUS_MOVE = YES;
				CLANG_WARN_UNGUARDED_AVAILABILITY = YES_AGGRESSIVE;
				CLANG_WARN_UNREACHABLE_CODE = YES;
				CLANG_WARN__DUPLICATE_METHOD_MATCH = YES;
				CODE_SIGN_IDENTITY = "iPhone Developer";
				COPY_PHASE_STRIP = NO;
				DEBUG_INFORMATION_FORMAT = dwarf;
				ENABLE_STRICT_OBJC_MSGSEND = YES;
				ENABLE_TESTABILITY = YES;
				GCC_C_LANGUAGE_STANDARD = gnu11;
				GCC_DYNAMIC_NO_PIC = NO;
				GCC_NO_COMMON_BLOCKS = YES;
				GCC_OPTIMIZATION_LEVEL = 0;
				GCC_PREPROCESSOR_DEFINITIONS = (
					"DEBUG=1",
					"$(inherited)",
				);
				GCC_WARN_64_TO_32_BIT_CONVERSION = YES;
				GCC_WARN_ABOUT_RETURN_TYPE = YES_ERROR;
				GCC_WARN_UNDECLARED_SELECTOR = YES;
				GCC_WARN_UNINITIALIZED_AUTOS = YES_AGGRESSIVE;
				GCC_WARN_UNUSED_FUNCTION = YES;
				GCC_WARN_UNUSED_VARIABLE = YES;
				IPHONEOS_DEPLOYMENT_TARGET = 11.3;
				MTL_ENABLE_DEBUG_INFO = YES;
				ONLY_ACTIVE_ARCH = YES;
				SDKROOT = iphoneos;
				SWIFT_ACTIVE_COMPILATION_CONDITIONS = DEBUG;
				SWIFT_OPTIMIZATION_LEVEL = "-Onone";
			};
			name = Debug;
		};
		821CAAC020A43AC700F95C84 /* Release */ = {
			isa = XCBuildConfiguration;
			buildSettings = {
				ALWAYS_SEARCH_USER_PATHS = NO;
				CLANG_ANALYZER_NONNULL = YES;
				CLANG_ANALYZER_NUMBER_OBJECT_CONVERSION = YES_AGGRESSIVE;
				CLANG_CXX_LANGUAGE_STANDARD = "gnu++14";
				CLANG_CXX_LIBRARY = "libc++";
				CLANG_ENABLE_MODULES = YES;
				CLANG_ENABLE_OBJC_ARC = YES;
				CLANG_ENABLE_OBJC_WEAK = YES;
				CLANG_WARN_BLOCK_CAPTURE_AUTORELEASING = YES;
				CLANG_WARN_BOOL_CONVERSION = YES;
				CLANG_WARN_COMMA = YES;
				CLANG_WARN_CONSTANT_CONVERSION = YES;
				CLANG_WARN_DEPRECATED_OBJC_IMPLEMENTATIONS = YES;
				CLANG_WARN_DIRECT_OBJC_ISA_USAGE = YES_ERROR;
				CLANG_WARN_DOCUMENTATION_COMMENTS = YES;
				CLANG_WARN_EMPTY_BODY = YES;
				CLANG_WARN_ENUM_CONVERSION = YES;
				CLANG_WARN_INFINITE_RECURSION = YES;
				CLANG_WARN_INT_CONVERSION = YES;
				CLANG_WARN_NON_LITERAL_NULL_CONVERSION = YES;
				CLANG_WARN_OBJC_IMPLICIT_RETAIN_SELF = YES;
				CLANG_WARN_OBJC_LITERAL_CONVERSION = YES;
				CLANG_WARN_OBJC_ROOT_CLASS = YES_ERROR;
				CLANG_WARN_RANGE_LOOP_ANALYSIS = YES;
				CLANG_WARN_STRICT_PROTOTYPES = YES;
				CLANG_WARN_SUSPICIOUS_MOVE = YES;
				CLANG_WARN_UNGUARDED_AVAILABILITY = YES_AGGRESSIVE;
				CLANG_WARN_UNREACHABLE_CODE = YES;
				CLANG_WARN__DUPLICATE_METHOD_MATCH = YES;
				CODE_SIGN_IDENTITY = "iPhone Developer";
				COPY_PHASE_STRIP = NO;
				DEBUG_INFORMATION_FORMAT = "dwarf-with-dsym";
				ENABLE_NS_ASSERTIONS = NO;
				ENABLE_STRICT_OBJC_MSGSEND = YES;
				GCC_C_LANGUAGE_STANDARD = gnu11;
				GCC_NO_COMMON_BLOCKS = YES;
				GCC_WARN_64_TO_32_BIT_CONVERSION = YES;
				GCC_WARN_ABOUT_RETURN_TYPE = YES_ERROR;
				GCC_WARN_UNDECLARED_SELECTOR = YES;
				GCC_WARN_UNINITIALIZED_AUTOS = YES_AGGRESSIVE;
				GCC_WARN_UNUSED_FUNCTION = YES;
				GCC_WARN_UNUSED_VARIABLE = YES;
				IPHONEOS_DEPLOYMENT_TARGET = 11.3;
				MTL_ENABLE_DEBUG_INFO = NO;
				SDKROOT = iphoneos;
				SWIFT_COMPILATION_MODE = wholemodule;
				SWIFT_OPTIMIZATION_LEVEL = "-O";
				VALIDATE_PRODUCT = YES;
			};
			name = Release;
		};
		821CAAC220A43AC700F95C84 /* Debug */ = {
			isa = XCBuildConfiguration;
			baseConfigurationReference = 11D5212105D0EF2A71622B28 /* Pods-TableView-MVVM.debug.xcconfig */;
			buildSettings = {
				ASSETCATALOG_COMPILER_APPICON_NAME = AppIcon;
				CODE_SIGN_STYLE = Automatic;
				DEVELOPMENT_TEAM = VVKN5X3HDD;
				INFOPLIST_FILE = "TableView-MVVM/Info.plist";
				LD_RUNPATH_SEARCH_PATHS = (
					"$(inherited)",
					"@executable_path/Frameworks",
				);
				PRODUCT_BUNDLE_IDENTIFIER = "me.insertcoin.app.TableView-MVVM";
				PRODUCT_NAME = "$(TARGET_NAME)";
				SWIFT_VERSION = 4.0;
				TARGETED_DEVICE_FAMILY = "1,2";
			};
			name = Debug;
		};
		821CAAC320A43AC700F95C84 /* Release */ = {
			isa = XCBuildConfiguration;
			baseConfigurationReference = 78F3998C3FE31E92BE85AC3A /* Pods-TableView-MVVM.release.xcconfig */;
			buildSettings = {
				ASSETCATALOG_COMPILER_APPICON_NAME = AppIcon;
				CODE_SIGN_STYLE = Automatic;
				DEVELOPMENT_TEAM = VVKN5X3HDD;
				INFOPLIST_FILE = "TableView-MVVM/Info.plist";
				LD_RUNPATH_SEARCH_PATHS = (
					"$(inherited)",
					"@executable_path/Frameworks",
				);
				PRODUCT_BUNDLE_IDENTIFIER = "me.insertcoin.app.TableView-MVVM";
				PRODUCT_NAME = "$(TARGET_NAME)";
				SWIFT_VERSION = 4.0;
				TARGETED_DEVICE_FAMILY = "1,2";
			};
			name = Release;
		};
/* End XCBuildConfiguration section */

/* Begin XCConfigurationList section */
		821CAAAA20A43AC500F95C84 /* Build configuration list for PBXProject "TableView-MVVM" */ = {
			isa = XCConfigurationList;
			buildConfigurations = (
				821CAABF20A43AC700F95C84 /* Debug */,
				821CAAC020A43AC700F95C84 /* Release */,
			);
			defaultConfigurationIsVisible = 0;
			defaultConfigurationName = Release;
		};
		821CAAC120A43AC700F95C84 /* Build configuration list for PBXNativeTarget "TableView-MVVM" */ = {
			isa = XCConfigurationList;
			buildConfigurations = (
				821CAAC220A43AC700F95C84 /* Debug */,
				821CAAC320A43AC700F95C84 /* Release */,
			);
			defaultConfigurationIsVisible = 0;
			defaultConfigurationName = Release;
		};
/* End XCConfigurationList section */
	};
	rootObject = 821CAAA720A43AC500F95C84 /* Project object */;
}
